// !$*UTF8*$!
{
	archiveVersion = 1;
	classes = {
	};
	objectVersion = 56;
	objects = {

/* Begin PBXBuildFile section */
		440213482AC4229C00F12546 /* LoadVC.swift in Sources */ = {isa = PBXBuildFile; fileRef = 440213472AC4229C00F12546 /* LoadVC.swift */; };
		4402134A2AC42A1200F12546 /* OnboardingViewViewModel.swift in Sources */ = {isa = PBXBuildFile; fileRef = 440213492AC42A1200F12546 /* OnboardingViewViewModel.swift */; };
		446593662AA7591600F9117F /* AppDelegate.swift in Sources */ = {isa = PBXBuildFile; fileRef = 446593652AA7591600F9117F /* AppDelegate.swift */; };
		446593682AA7591600F9117F /* SceneDelegate.swift in Sources */ = {isa = PBXBuildFile; fileRef = 446593672AA7591600F9117F /* SceneDelegate.swift */; };
		4465936A2AA7591600F9117F /* MainVC.swift in Sources */ = {isa = PBXBuildFile; fileRef = 446593692AA7591600F9117F /* MainVC.swift */; };
		4465936F2AA7591800F9117F /* Assets.xcassets in Resources */ = {isa = PBXBuildFile; fileRef = 4465936E2AA7591800F9117F /* Assets.xcassets */; };
		446593722AA7591800F9117F /* LaunchScreen.storyboard in Resources */ = {isa = PBXBuildFile; fileRef = 446593702AA7591800F9117F /* LaunchScreen.storyboard */; };
		4465937F2AA7777600F9117F /* SleepPhaseView.swift in Sources */ = {isa = PBXBuildFile; fileRef = 4465937E2AA7777600F9117F /* SleepPhaseView.swift */; };
		446593812AA9D15000F9117F /* InfoVC.swift in Sources */ = {isa = PBXBuildFile; fileRef = 446593802AA9D15000F9117F /* InfoVC.swift */; };
		446593832AA9DB4800F9117F /* CustomLableView.swift in Sources */ = {isa = PBXBuildFile; fileRef = 446593822AA9DB4800F9117F /* CustomLableView.swift */; };
		446593852AA9E49300F9117F /* DiaryVC.swift in Sources */ = {isa = PBXBuildFile; fileRef = 446593842AA9E49300F9117F /* DiaryVC.swift */; };
		446593892AA9E6FE00F9117F /* DiaryViewViewModel.swift in Sources */ = {isa = PBXBuildFile; fileRef = 446593882AA9E6FE00F9117F /* DiaryViewViewModel.swift */; };
		4465938E2AA9ED8E00F9117F /* CoreDataModel.xcdatamodeld in Sources */ = {isa = PBXBuildFile; fileRef = 4465938C2AA9ED8E00F9117F /* CoreDataModel.xcdatamodeld */; };
		446593912AA9EE3700F9117F /* DatabaseManager.swift in Sources */ = {isa = PBXBuildFile; fileRef = 446593902AA9EE3700F9117F /* DatabaseManager.swift */; };
		446593932AA9F21800F9117F /* InterpretationModel.swift in Sources */ = {isa = PBXBuildFile; fileRef = 446593922AA9F21800F9117F /* InterpretationModel.swift */; };
		44E95DF12AAA069700C14BAF /* DiaryTableCell.swift in Sources */ = {isa = PBXBuildFile; fileRef = 44E95DF02AAA069700C14BAF /* DiaryTableCell.swift */; };
		44E95DF32AAA110600C14BAF /* PhaseVC.swift in Sources */ = {isa = PBXBuildFile; fileRef = 44E95DF22AAA110600C14BAF /* PhaseVC.swift */; };
		44E95DF52AAA198100C14BAF /* Constants.swift in Sources */ = {isa = PBXBuildFile; fileRef = 44E95DF42AAA198100C14BAF /* Constants.swift */; };
		44E95DF72AAA1DF700C14BAF /* PhaseViewViewModel.swift in Sources */ = {isa = PBXBuildFile; fileRef = 44E95DF62AAA1DF700C14BAF /* PhaseViewViewModel.swift */; };
		44E95DF92AAB3EFD00C14BAF /* HoursPicker.swift in Sources */ = {isa = PBXBuildFile; fileRef = 44E95DF82AAB3EFD00C14BAF /* HoursPicker.swift */; };
		44E95DFB2AAB716200C14BAF /* MainViewViewModel.swift in Sources */ = {isa = PBXBuildFile; fileRef = 44E95DFA2AAB716200C14BAF /* MainViewViewModel.swift */; };
		44E95DFD2AAB7B0700C14BAF /* DailyVC.swift in Sources */ = {isa = PBXBuildFile; fileRef = 44E95DFC2AAB7B0700C14BAF /* DailyVC.swift */; };
		44E95E122AAF09F600C14BAF /* Question.swift in Sources */ = {isa = PBXBuildFile; fileRef = 44E95E112AAF09F600C14BAF /* Question.swift */; };
		44E95E142AAF0EDC00C14BAF /* InterpreterVC.swift in Sources */ = {isa = PBXBuildFile; fileRef = 44E95E132AAF0EDC00C14BAF /* InterpreterVC.swift */; };
		44E95E162AAF106100C14BAF /* InterpreterViewViewModel.swift in Sources */ = {isa = PBXBuildFile; fileRef = 44E95E152AAF106100C14BAF /* InterpreterViewViewModel.swift */; };
		44E95E182AAF134C00C14BAF /* QuestionView.swift in Sources */ = {isa = PBXBuildFile; fileRef = 44E95E172AAF134C00C14BAF /* QuestionView.swift */; };
		44E95E1A2AAF1A7100C14BAF /* OptionBtn.swift in Sources */ = {isa = PBXBuildFile; fileRef = 44E95E192AAF1A7100C14BAF /* OptionBtn.swift */; };
		44E95E1C2AAF3D4000C14BAF /* InterpreterLoadVC.swift in Sources */ = {isa = PBXBuildFile; fileRef = 44E95E1B2AAF3D4000C14BAF /* InterpreterLoadVC.swift */; };
		44E95E1E2AB08A3600C14BAF /* DescriptionVC.swift in Sources */ = {isa = PBXBuildFile; fileRef = 44E95E1D2AB08A3600C14BAF /* DescriptionVC.swift */; };
		44E95E202AB2F65500C14BAF /* OnboardingVC.swift in Sources */ = {isa = PBXBuildFile; fileRef = 44E95E1F2AB2F65500C14BAF /* OnboardingVC.swift */; };
/* End PBXBuildFile section */

/* Begin PBXFileReference section */
		440213472AC4229C00F12546 /* LoadVC.swift */ = {isa = PBXFileReference; lastKnownFileType = sourcecode.swift; path = LoadVC.swift; sourceTree = "<group>"; };
		440213492AC42A1200F12546 /* OnboardingViewViewModel.swift */ = {isa = PBXFileReference; lastKnownFileType = sourcecode.swift; path = OnboardingViewViewModel.swift; sourceTree = "<group>"; };
		446593622AA7591600F9117F /* Intdreamer.app */ = {isa = PBXFileReference; explicitFileType = wrapper.application; includeInIndex = 0; path = Intdreamer.app; sourceTree = BUILT_PRODUCTS_DIR; };
		446593652AA7591600F9117F /* AppDelegate.swift */ = {isa = PBXFileReference; lastKnownFileType = sourcecode.swift; path = AppDelegate.swift; sourceTree = "<group>"; };
		446593672AA7591600F9117F /* SceneDelegate.swift */ = {isa = PBXFileReference; lastKnownFileType = sourcecode.swift; path = SceneDelegate.swift; sourceTree = "<group>"; };
		446593692AA7591600F9117F /* MainVC.swift */ = {isa = PBXFileReference; lastKnownFileType = sourcecode.swift; path = MainVC.swift; sourceTree = "<group>"; };
		4465936E2AA7591800F9117F /* Assets.xcassets */ = {isa = PBXFileReference; lastKnownFileType = folder.assetcatalog; path = Assets.xcassets; sourceTree = "<group>"; };
		446593712AA7591800F9117F /* Base */ = {isa = PBXFileReference; lastKnownFileType = file.storyboard; name = Base; path = Base.lproj/LaunchScreen.storyboard; sourceTree = "<group>"; };
		446593732AA7591800F9117F /* Info.plist */ = {isa = PBXFileReference; lastKnownFileType = text.plist.xml; path = Info.plist; sourceTree = "<group>"; };
		4465937E2AA7777600F9117F /* SleepPhaseView.swift */ = {isa = PBXFileReference; lastKnownFileType = sourcecode.swift; path = SleepPhaseView.swift; sourceTree = "<group>"; };
		446593802AA9D15000F9117F /* InfoVC.swift */ = {isa = PBXFileReference; lastKnownFileType = sourcecode.swift; path = InfoVC.swift; sourceTree = "<group>"; };
		446593822AA9DB4800F9117F /* CustomLableView.swift */ = {isa = PBXFileReference; lastKnownFileType = sourcecode.swift; path = CustomLableView.swift; sourceTree = "<group>"; };
		446593842AA9E49300F9117F /* DiaryVC.swift */ = {isa = PBXFileReference; lastKnownFileType = sourcecode.swift; path = DiaryVC.swift; sourceTree = "<group>"; };
		446593882AA9E6FE00F9117F /* DiaryViewViewModel.swift */ = {isa = PBXFileReference; lastKnownFileType = sourcecode.swift; path = DiaryViewViewModel.swift; sourceTree = "<group>"; };
		4465938D2AA9ED8E00F9117F /* Interpretation.xcdatamodel */ = {isa = PBXFileReference; lastKnownFileType = wrapper.xcdatamodel; path = Interpretation.xcdatamodel; sourceTree = "<group>"; };
		446593902AA9EE3700F9117F /* DatabaseManager.swift */ = {isa = PBXFileReference; lastKnownFileType = sourcecode.swift; path = DatabaseManager.swift; sourceTree = "<group>"; };
		446593922AA9F21800F9117F /* InterpretationModel.swift */ = {isa = PBXFileReference; lastKnownFileType = sourcecode.swift; path = InterpretationModel.swift; sourceTree = "<group>"; };
		44E95DF02AAA069700C14BAF /* DiaryTableCell.swift */ = {isa = PBXFileReference; lastKnownFileType = sourcecode.swift; path = DiaryTableCell.swift; sourceTree = "<group>"; };
		44E95DF22AAA110600C14BAF /* PhaseVC.swift */ = {isa = PBXFileReference; lastKnownFileType = sourcecode.swift; path = PhaseVC.swift; sourceTree = "<group>"; };
		44E95DF42AAA198100C14BAF /* Constants.swift */ = {isa = PBXFileReference; lastKnownFileType = sourcecode.swift; path = Constants.swift; sourceTree = "<group>"; };
		44E95DF62AAA1DF700C14BAF /* PhaseViewViewModel.swift */ = {isa = PBXFileReference; lastKnownFileType = sourcecode.swift; path = PhaseViewViewModel.swift; sourceTree = "<group>"; };
		44E95DF82AAB3EFD00C14BAF /* HoursPicker.swift */ = {isa = PBXFileReference; lastKnownFileType = sourcecode.swift; path = HoursPicker.swift; sourceTree = "<group>"; };
		44E95DFA2AAB716200C14BAF /* MainViewViewModel.swift */ = {isa = PBXFileReference; lastKnownFileType = sourcecode.swift; path = MainViewViewModel.swift; sourceTree = "<group>"; };
		44E95DFC2AAB7B0700C14BAF /* DailyVC.swift */ = {isa = PBXFileReference; lastKnownFileType = sourcecode.swift; path = DailyVC.swift; sourceTree = "<group>"; };
		44E95E112AAF09F600C14BAF /* Question.swift */ = {isa = PBXFileReference; lastKnownFileType = sourcecode.swift; path = Question.swift; sourceTree = "<group>"; };
		44E95E132AAF0EDC00C14BAF /* InterpreterVC.swift */ = {isa = PBXFileReference; lastKnownFileType = sourcecode.swift; path = InterpreterVC.swift; sourceTree = "<group>"; };
		44E95E152AAF106100C14BAF /* InterpreterViewViewModel.swift */ = {isa = PBXFileReference; lastKnownFileType = sourcecode.swift; path = InterpreterViewViewModel.swift; sourceTree = "<group>"; };
		44E95E172AAF134C00C14BAF /* QuestionView.swift */ = {isa = PBXFileReference; lastKnownFileType = sourcecode.swift; path = QuestionView.swift; sourceTree = "<group>"; };
		44E95E192AAF1A7100C14BAF /* OptionBtn.swift */ = {isa = PBXFileReference; lastKnownFileType = sourcecode.swift; path = OptionBtn.swift; sourceTree = "<group>"; };
		44E95E1B2AAF3D4000C14BAF /* InterpreterLoadVC.swift */ = {isa = PBXFileReference; lastKnownFileType = sourcecode.swift; path = InterpreterLoadVC.swift; sourceTree = "<group>"; };
		44E95E1D2AB08A3600C14BAF /* DescriptionVC.swift */ = {isa = PBXFileReference; lastKnownFileType = sourcecode.swift; path = DescriptionVC.swift; sourceTree = "<group>"; };
		44E95E1F2AB2F65500C14BAF /* OnboardingVC.swift */ = {isa = PBXFileReference; lastKnownFileType = sourcecode.swift; path = OnboardingVC.swift; sourceTree = "<group>"; };
/* End PBXFileReference section */

/* Begin PBXFrameworksBuildPhase section */
		4465935F2AA7591600F9117F /* Frameworks */ = {
			isa = PBXFrameworksBuildPhase;
			buildActionMask = 2147483647;
			files = (
			);
			runOnlyForDeploymentPostprocessing = 0;
		};
/* End PBXFrameworksBuildPhase section */

/* Begin PBXGroup section */
		446593592AA7591600F9117F = {
			isa = PBXGroup;
			children = (
				446593642AA7591600F9117F /* Intdreamer */,
				446593632AA7591600F9117F /* Products */,
			);
			sourceTree = "<group>";
		};
		446593632AA7591600F9117F /* Products */ = {
			isa = PBXGroup;
			children = (
				446593622AA7591600F9117F /* Intdreamer.app */,
			);
			name = Products;
			sourceTree = "<group>";
		};
		446593642AA7591600F9117F /* Intdreamer */ = {
			isa = PBXGroup;
			children = (
				4465938F2AA9EE2300F9117F /* Managers */,
				4465937C2AA7773600F9117F /* Models */,
				4465937B2AA7772F00F9117F /* Views */,
				4465937A2AA7772200F9117F /* ViewModels */,
				446593792AA7771500F9117F /* Controllers */,
				4465937D2AA7774F00F9117F /* Other */,
				446593732AA7591800F9117F /* Info.plist */,
			);
			path = Intdreamer;
			sourceTree = "<group>";
		};
		446593792AA7771500F9117F /* Controllers */ = {
			isa = PBXGroup;
			children = (
				446593692AA7591600F9117F /* MainVC.swift */,
				446593802AA9D15000F9117F /* InfoVC.swift */,
				446593842AA9E49300F9117F /* DiaryVC.swift */,
				44E95DF22AAA110600C14BAF /* PhaseVC.swift */,
				44E95DFC2AAB7B0700C14BAF /* DailyVC.swift */,
				44E95E132AAF0EDC00C14BAF /* InterpreterVC.swift */,
				44E95E1B2AAF3D4000C14BAF /* InterpreterLoadVC.swift */,
				44E95E1D2AB08A3600C14BAF /* DescriptionVC.swift */,
				44E95E1F2AB2F65500C14BAF /* OnboardingVC.swift */,
				440213472AC4229C00F12546 /* LoadVC.swift */,
			);
			path = Controllers;
			sourceTree = "<group>";
		};
		4465937A2AA7772200F9117F /* ViewModels */ = {
			isa = PBXGroup;
			children = (
				446593882AA9E6FE00F9117F /* DiaryViewViewModel.swift */,
				44E95DF62AAA1DF700C14BAF /* PhaseViewViewModel.swift */,
				44E95DFA2AAB716200C14BAF /* MainViewViewModel.swift */,
				44E95E152AAF106100C14BAF /* InterpreterViewViewModel.swift */,
				440213492AC42A1200F12546 /* OnboardingViewViewModel.swift */,
			);
			path = ViewModels;
			sourceTree = "<group>";
		};
		4465937B2AA7772F00F9117F /* Views */ = {
			isa = PBXGroup;
			children = (
				4465937E2AA7777600F9117F /* SleepPhaseView.swift */,
				446593822AA9DB4800F9117F /* CustomLableView.swift */,
				44E95DF02AAA069700C14BAF /* DiaryTableCell.swift */,
				44E95DF82AAB3EFD00C14BAF /* HoursPicker.swift */,
				44E95E172AAF134C00C14BAF /* QuestionView.swift */,
				44E95E192AAF1A7100C14BAF /* OptionBtn.swift */,
			);
			path = Views;
			sourceTree = "<group>";
		};
		4465937C2AA7773600F9117F /* Models */ = {
			isa = PBXGroup;
			children = (
				4465938C2AA9ED8E00F9117F /* CoreDataModel.xcdatamodeld */,
				446593922AA9F21800F9117F /* InterpretationModel.swift */,
				44E95E112AAF09F600C14BAF /* Question.swift */,
			);
			path = Models;
			sourceTree = "<group>";
		};
		4465937D2AA7774F00F9117F /* Other */ = {
			isa = PBXGroup;
			children = (
				446593652AA7591600F9117F /* AppDelegate.swift */,
				446593672AA7591600F9117F /* SceneDelegate.swift */,
				4465936E2AA7591800F9117F /* Assets.xcassets */,
				446593702AA7591800F9117F /* LaunchScreen.storyboard */,
				44E95DF42AAA198100C14BAF /* Constants.swift */,
			);
			path = Other;
			sourceTree = "<group>";
		};
		4465938F2AA9EE2300F9117F /* Managers */ = {
			isa = PBXGroup;
			children = (
				446593902AA9EE3700F9117F /* DatabaseManager.swift */,
			);
			path = Managers;
			sourceTree = "<group>";
		};
/* End PBXGroup section */

/* Begin PBXNativeTarget section */
		446593612AA7591600F9117F /* Intdreamer */ = {
			isa = PBXNativeTarget;
			buildConfigurationList = 446593762AA7591800F9117F /* Build configuration list for PBXNativeTarget "Intdreamer" */;
			buildPhases = (
				4465935E2AA7591600F9117F /* Sources */,
				4465935F2AA7591600F9117F /* Frameworks */,
				446593602AA7591600F9117F /* Resources */,
			);
			buildRules = (
			);
			dependencies = (
			);
			name = Intdreamer;
			productName = Intdreamer;
			productReference = 446593622AA7591600F9117F /* Intdreamer.app */;
			productType = "com.apple.product-type.application";
		};
/* End PBXNativeTarget section */

/* Begin PBXProject section */
		4465935A2AA7591600F9117F /* Project object */ = {
			isa = PBXProject;
			attributes = {
				BuildIndependentTargetsInParallel = 1;
				LastSwiftUpdateCheck = 1430;
				LastUpgradeCheck = 1430;
				TargetAttributes = {
					446593612AA7591600F9117F = {
						CreatedOnToolsVersion = 14.3;
					};
				};
			};
			buildConfigurationList = 4465935D2AA7591600F9117F /* Build configuration list for PBXProject "Intdreamer" */;
			compatibilityVersion = "Xcode 14.0";
			developmentRegion = en;
			hasScannedForEncodings = 0;
			knownRegions = (
				en,
				Base,
			);
			mainGroup = 446593592AA7591600F9117F;
			productRefGroup = 446593632AA7591600F9117F /* Products */;
			projectDirPath = "";
			projectRoot = "";
			targets = (
				446593612AA7591600F9117F /* Intdreamer */,
			);
		};
/* End PBXProject section */

/* Begin PBXResourcesBuildPhase section */
		446593602AA7591600F9117F /* Resources */ = {
			isa = PBXResourcesBuildPhase;
			buildActionMask = 2147483647;
			files = (
				446593722AA7591800F9117F /* LaunchScreen.storyboard in Resources */,
				4465936F2AA7591800F9117F /* Assets.xcassets in Resources */,
			);
			runOnlyForDeploymentPostprocessing = 0;
		};
/* End PBXResourcesBuildPhase section */

/* Begin PBXSourcesBuildPhase section */
		4465935E2AA7591600F9117F /* Sources */ = {
			isa = PBXSourcesBuildPhase;
			buildActionMask = 2147483647;
			files = (
				44E95DF32AAA110600C14BAF /* PhaseVC.swift in Sources */,
				44E95DF12AAA069700C14BAF /* DiaryTableCell.swift in Sources */,
				440213482AC4229C00F12546 /* LoadVC.swift in Sources */,
				44E95DFD2AAB7B0700C14BAF /* DailyVC.swift in Sources */,
				44E95E142AAF0EDC00C14BAF /* InterpreterVC.swift in Sources */,
				44E95E1E2AB08A3600C14BAF /* DescriptionVC.swift in Sources */,
				44E95DFB2AAB716200C14BAF /* MainViewViewModel.swift in Sources */,
				4465937F2AA7777600F9117F /* SleepPhaseView.swift in Sources */,
				4465936A2AA7591600F9117F /* MainVC.swift in Sources */,
				44E95E1C2AAF3D4000C14BAF /* InterpreterLoadVC.swift in Sources */,
				446593912AA9EE3700F9117F /* DatabaseManager.swift in Sources */,
				44E95E162AAF106100C14BAF /* InterpreterViewViewModel.swift in Sources */,
				446593932AA9F21800F9117F /* InterpretationModel.swift in Sources */,
				44E95E1A2AAF1A7100C14BAF /* OptionBtn.swift in Sources */,
				4402134A2AC42A1200F12546 /* OnboardingViewViewModel.swift in Sources */,
				446593662AA7591600F9117F /* AppDelegate.swift in Sources */,
				446593892AA9E6FE00F9117F /* DiaryViewViewModel.swift in Sources */,
				446593682AA7591600F9117F /* SceneDelegate.swift in Sources */,
				446593852AA9E49300F9117F /* DiaryVC.swift in Sources */,
				4465938E2AA9ED8E00F9117F /* CoreDataModel.xcdatamodeld in Sources */,
				44E95E122AAF09F600C14BAF /* Question.swift in Sources */,
				44E95E202AB2F65500C14BAF /* OnboardingVC.swift in Sources */,
				44E95DF92AAB3EFD00C14BAF /* HoursPicker.swift in Sources */,
				44E95DF52AAA198100C14BAF /* Constants.swift in Sources */,
				44E95E182AAF134C00C14BAF /* QuestionView.swift in Sources */,
				446593832AA9DB4800F9117F /* CustomLableView.swift in Sources */,
				44E95DF72AAA1DF700C14BAF /* PhaseViewViewModel.swift in Sources */,
				446593812AA9D15000F9117F /* InfoVC.swift in Sources */,
			);
			runOnlyForDeploymentPostprocessing = 0;
		};
/* End PBXSourcesBuildPhase section */

/* Begin PBXVariantGroup section */
		446593702AA7591800F9117F /* LaunchScreen.storyboard */ = {
			isa = PBXVariantGroup;
			children = (
				446593712AA7591800F9117F /* Base */,
			);
			name = LaunchScreen.storyboard;
			sourceTree = "<group>";
		};
/* End PBXVariantGroup section */

/* Begin XCBuildConfiguration section */
		446593742AA7591800F9117F /* Debug */ = {
			isa = XCBuildConfiguration;
			buildSettings = {
				ALWAYS_SEARCH_USER_PATHS = NO;
				CLANG_ANALYZER_NONNULL = YES;
				CLANG_ANALYZER_NUMBER_OBJECT_CONVERSION = YES_AGGRESSIVE;
				CLANG_CXX_LANGUAGE_STANDARD = "gnu++20";
				CLANG_ENABLE_MODULES = YES;
				CLANG_ENABLE_OBJC_ARC = YES;
				CLANG_ENABLE_OBJC_WEAK = YES;
				CLANG_WARN_BLOCK_CAPTURE_AUTORELEASING = YES;
				CLANG_WARN_BOOL_CONVERSION = YES;
				CLANG_WARN_COMMA = YES;
				CLANG_WARN_CONSTANT_CONVERSION = YES;
				CLANG_WARN_DEPRECATED_OBJC_IMPLEMENTATIONS = YES;
				CLANG_WARN_DIRECT_OBJC_ISA_USAGE = YES_ERROR;
				CLANG_WARN_DOCUMENTATION_COMMENTS = YES;
				CLANG_WARN_EMPTY_BODY = YES;
				CLANG_WARN_ENUM_CONVERSION = YES;
				CLANG_WARN_INFINITE_RECURSION = YES;
				CLANG_WARN_INT_CONVERSION = YES;
				CLANG_WARN_NON_LITERAL_NULL_CONVERSION = YES;
				CLANG_WARN_OBJC_IMPLICIT_RETAIN_SELF = YES;
				CLANG_WARN_OBJC_LITERAL_CONVERSION = YES;
				CLANG_WARN_OBJC_ROOT_CLASS = YES_ERROR;
				CLANG_WARN_QUOTED_INCLUDE_IN_FRAMEWORK_HEADER = YES;
				CLANG_WARN_RANGE_LOOP_ANALYSIS = YES;
				CLANG_WARN_STRICT_PROTOTYPES = YES;
				CLANG_WARN_SUSPICIOUS_MOVE = YES;
				CLANG_WARN_UNGUARDED_AVAILABILITY = YES_AGGRESSIVE;
				CLANG_WARN_UNREACHABLE_CODE = YES;
				CLANG_WARN__DUPLICATE_METHOD_MATCH = YES;
				COPY_PHASE_STRIP = NO;
				DEBUG_INFORMATION_FORMAT = dwarf;
				ENABLE_STRICT_OBJC_MSGSEND = YES;
				ENABLE_TESTABILITY = YES;
				GCC_C_LANGUAGE_STANDARD = gnu11;
				GCC_DYNAMIC_NO_PIC = NO;
				GCC_NO_COMMON_BLOCKS = YES;
				GCC_OPTIMIZATION_LEVEL = 0;
				GCC_PREPROCESSOR_DEFINITIONS = (
					"DEBUG=1",
					"$(inherited)",
				);
				GCC_WARN_64_TO_32_BIT_CONVERSION = YES;
				GCC_WARN_ABOUT_RETURN_TYPE = YES_ERROR;
				GCC_WARN_UNDECLARED_SELECTOR = YES;
				GCC_WARN_UNINITIALIZED_AUTOS = YES_AGGRESSIVE;
				GCC_WARN_UNUSED_FUNCTION = YES;
				GCC_WARN_UNUSED_VARIABLE = YES;
				IPHONEOS_DEPLOYMENT_TARGET = 16.4;
				MTL_ENABLE_DEBUG_INFO = INCLUDE_SOURCE;
				MTL_FAST_MATH = YES;
				ONLY_ACTIVE_ARCH = YES;
				SDKROOT = iphoneos;
				SWIFT_ACTIVE_COMPILATION_CONDITIONS = DEBUG;
				SWIFT_OPTIMIZATION_LEVEL = "-Onone";
			};
			name = Debug;
		};
		446593752AA7591800F9117F /* Release */ = {
			isa = XCBuildConfiguration;
			buildSettings = {
				ALWAYS_SEARCH_USER_PATHS = NO;
				CLANG_ANALYZER_NONNULL = YES;
				CLANG_ANALYZER_NUMBER_OBJECT_CONVERSION = YES_AGGRESSIVE;
				CLANG_CXX_LANGUAGE_STANDARD = "gnu++20";
				CLANG_ENABLE_MODULES = YES;
				CLANG_ENABLE_OBJC_ARC = YES;
				CLANG_ENABLE_OBJC_WEAK = YES;
				CLANG_WARN_BLOCK_CAPTURE_AUTORELEASING = YES;
				CLANG_WARN_BOOL_CONVERSION = YES;
				CLANG_WARN_COMMA = YES;
				CLANG_WARN_CONSTANT_CONVERSION = YES;
				CLANG_WARN_DEPRECATED_OBJC_IMPLEMENTATIONS = YES;
				CLANG_WARN_DIRECT_OBJC_ISA_USAGE = YES_ERROR;
				CLANG_WARN_DOCUMENTATION_COMMENTS = YES;
				CLANG_WARN_EMPTY_BODY = YES;
				CLANG_WARN_ENUM_CONVERSION = YES;
				CLANG_WARN_INFINITE_RECURSION = YES;
				CLANG_WARN_INT_CONVERSION = YES;
				CLANG_WARN_NON_LITERAL_NULL_CONVERSION = YES;
				CLANG_WARN_OBJC_IMPLICIT_RETAIN_SELF = YES;
				CLANG_WARN_OBJC_LITERAL_CONVERSION = YES;
				CLANG_WARN_OBJC_ROOT_CLASS = YES_ERROR;
				CLANG_WARN_QUOTED_INCLUDE_IN_FRAMEWORK_HEADER = YES;
				CLANG_WARN_RANGE_LOOP_ANALYSIS = YES;
				CLANG_WARN_STRICT_PROTOTYPES = YES;
				CLANG_WARN_SUSPICIOUS_MOVE = YES;
				CLANG_WARN_UNGUARDED_AVAILABILITY = YES_AGGRESSIVE;
				CLANG_WARN_UNREACHABLE_CODE = YES;
				CLANG_WARN__DUPLICATE_METHOD_MATCH = YES;
				COPY_PHASE_STRIP = NO;
				DEBUG_INFORMATION_FORMAT = "dwarf-with-dsym";
				ENABLE_NS_ASSERTIONS = NO;
				ENABLE_STRICT_OBJC_MSGSEND = YES;
				GCC_C_LANGUAGE_STANDARD = gnu11;
				GCC_NO_COMMON_BLOCKS = YES;
				GCC_WARN_64_TO_32_BIT_CONVERSION = YES;
				GCC_WARN_ABOUT_RETURN_TYPE = YES_ERROR;
				GCC_WARN_UNDECLARED_SELECTOR = YES;
				GCC_WARN_UNINITIALIZED_AUTOS = YES_AGGRESSIVE;
				GCC_WARN_UNUSED_FUNCTION = YES;
				GCC_WARN_UNUSED_VARIABLE = YES;
				IPHONEOS_DEPLOYMENT_TARGET = 16.4;
				MTL_ENABLE_DEBUG_INFO = NO;
				MTL_FAST_MATH = YES;
				SDKROOT = iphoneos;
				SWIFT_COMPILATION_MODE = wholemodule;
				SWIFT_OPTIMIZATION_LEVEL = "-O";
				VALIDATE_PRODUCT = YES;
			};
			name = Release;
		};
		446593772AA7591800F9117F /* Debug */ = {
			isa = XCBuildConfiguration;
			buildSettings = {
				ASSETCATALOG_COMPILER_APPICON_NAME = AppIcon;
				ASSETCATALOG_COMPILER_GLOBAL_ACCENT_COLOR_NAME = AccentColor;
				CODE_SIGN_STYLE = Automatic;
				CURRENT_PROJECT_VERSION = 1;
				DEVELOPMENT_TEAM = 3PN53MQP93;
				GENERATE_INFOPLIST_FILE = YES;
				INFOPLIST_FILE = Intdreamer/Info.plist;
				INFOPLIST_KEY_NSCameraUsageDescription = "Needs Camera Access to Take User's Avatar";
				INFOPLIST_KEY_UIApplicationSupportsIndirectInputEvents = YES;
				INFOPLIST_KEY_UILaunchStoryboardName = LaunchScreen;
				INFOPLIST_KEY_UISupportedInterfaceOrientations_iPad = "UIInterfaceOrientationPortrait UIInterfaceOrientationPortraitUpsideDown UIInterfaceOrientationLandscapeLeft UIInterfaceOrientationLandscapeRight";
				INFOPLIST_KEY_UISupportedInterfaceOrientations_iPhone = "UIInterfaceOrientationPortrait UIInterfaceOrientationLandscapeLeft UIInterfaceOrientationLandscapeRight";
				LD_RUNPATH_SEARCH_PATHS = (
					"$(inherited)",
					"@executable_path/Frameworks",
				);
				MARKETING_VERSION = 1.0;
				PRODUCT_BUNDLE_IDENTIFIER = com.smakhtin.Intdreamer;
				PRODUCT_NAME = "$(TARGET_NAME)";
				SWIFT_EMIT_LOC_STRINGS = YES;
				SWIFT_VERSION = 5.0;
				TARGETED_DEVICE_FAMILY = "1,2";
			};
			name = Debug;
		};
		446593782AA7591800F9117F /* Release */ = {
			isa = XCBuildConfiguration;
			buildSettings = {
				ASSETCATALOG_COMPILER_APPICON_NAME = AppIcon;
				ASSETCATALOG_COMPILER_GLOBAL_ACCENT_COLOR_NAME = AccentColor;
				CODE_SIGN_STYLE = Automatic;
				CURRENT_PROJECT_VERSION = 1;
				DEVELOPMENT_TEAM = 3PN53MQP93;
				GENERATE_INFOPLIST_FILE = YES;
				INFOPLIST_FILE = Intdreamer/Info.plist;
				INFOPLIST_KEY_NSCameraUsageDescription = "Needs Camera Access to Take User's Avatar";
				INFOPLIST_KEY_UIApplicationSupportsIndirectInputEvents = YES;
				INFOPLIST_KEY_UILaunchStoryboardName = LaunchScreen;
				INFOPLIST_KEY_UISupportedInterfaceOrientations_iPad = "UIInterfaceOrientationPortrait UIInterfaceOrientationPortraitUpsideDown UIInterfaceOrientationLandscapeLeft UIInterfaceOrientationLandscapeRight";
				INFOPLIST_KEY_UISupportedInterfaceOrientations_iPhone = "UIInterfaceOrientationPortrait UIInterfaceOrientationLandscapeLeft UIInterfaceOrientationLandscapeRight";
				LD_RUNPATH_SEARCH_PATHS = (
					"$(inherited)",
					"@executable_path/Frameworks",
				);
				MARKETING_VERSION = 1.0;
				PRODUCT_BUNDLE_IDENTIFIER = com.smakhtin.Intdreamer;
				PRODUCT_NAME = "$(TARGET_NAME)";
				SWIFT_EMIT_LOC_STRINGS = YES;
				SWIFT_VERSION = 5.0;
				TARGETED_DEVICE_FAMILY = "1,2";
			};
			name = Release;
		};
/* End XCBuildConfiguration section */

/* Begin XCConfigurationList section */
		4465935D2AA7591600F9117F /* Build configuration list for PBXProject "Intdreamer" */ = {
			isa = XCConfigurationList;
			buildConfigurations = (
				446593742AA7591800F9117F /* Debug */,
				446593752AA7591800F9117F /* Release */,
			);
			defaultConfigurationIsVisible = 0;
			defaultConfigurationName = Release;
		};
		446593762AA7591800F9117F /* Build configuration list for PBXNativeTarget "Intdreamer" */ = {
			isa = XCConfigurationList;
			buildConfigurations = (
				446593772AA7591800F9117F /* Debug */,
				446593782AA7591800F9117F /* Release */,
			);
			defaultConfigurationIsVisible = 0;
			defaultConfigurationName = Release;
		};
/* End XCConfigurationList section */

/* Begin XCVersionGroup section */
		4465938C2AA9ED8E00F9117F /* CoreDataModel.xcdatamodeld */ = {
			isa = XCVersionGroup;
			children = (
				4465938D2AA9ED8E00F9117F /* Interpretation.xcdatamodel */,
			);
			currentVersion = 4465938D2AA9ED8E00F9117F /* Interpretation.xcdatamodel */;
			path = CoreDataModel.xcdatamodeld;
			sourceTree = "<group>";
			versionGroupType = wrapper.xcdatamodel;
		};
/* End XCVersionGroup section */
	};
	rootObject = 4465935A2AA7591600F9117F /* Project object */;
}
